speakeasyVersion: 1.535.1
sources:
    DocusignTypescriptTest2-OAS:
        sourceNamespace: docusign-typescript-test-2-oas
        sourceRevisionDigest: sha256:efbebf1fe149b9dfce046a19a1019ea4b8625a08af3dd3cc5d0ad85f02294ef4
        sourceBlobDigest: sha256:419e39bd7d751e4b9edff85bff863cfa45fb6cad4368812991e4a890c3f3d1df
        tags:
            - latest
            - "2.0"
targets:
    docusign-typescript-test-2:
        source: DocusignTypescriptTest2-OAS
        sourceNamespace: docusign-typescript-test-2-oas
        sourceRevisionDigest: sha256:efbebf1fe149b9dfce046a19a1019ea4b8625a08af3dd3cc5d0ad85f02294ef4
        sourceBlobDigest: sha256:419e39bd7d751e4b9edff85bff863cfa45fb6cad4368812991e4a890c3f3d1df
        codeSamplesNamespace: docusign-typescript-test-2-oas-code-samples
        codeSamplesRevisionDigest: sha256:f4878c7a04b773445c077b9028717aa24a9f6a9b41b1e96556bae8450338a6b0
workflow:
    workflowVersion: 1.0.0
    speakeasyVersion: latest
    sources:
        DocusignTypescriptTest2-OAS:
            inputs:
                - location: https://raw.githubusercontent.com/MGDS01/openapiSecTest/main/openapi.yaml
            registry:
                location: registry.speakeasyapi.dev/docusign/docusign/docusign-typescript-test-2-oas
    targets:
        docusign-typescript-test-2:
            target: typescript
            source: DocusignTypescriptTest2-OAS
            codeSamples:
                registry:
                    location: registry.speakeasyapi.dev/docusign/docusign/docusign-typescript-test-2-oas-code-samples
                labelOverride:
                    fixedValue: Typescript (SDK)
                blocking: false
